
Microsoft Visual Studio Solution File, Format Version 11.00
# Visual Studio 2010
Project("{FAE04EC0-301F-11D3-BF4B-00C04F79EFBC}") = "clientapp_26112018", "Assembly-CSharp.csproj", "{3CDD00C5-9434-0C24-37C5-07E3765B9E93}"
EndProject
Project("{FAE04EC0-301F-11D3-BF4B-00C04F79EFBC}") = "clientapp_26112018", "Assembly-CSharp-Editor.csproj", "{06821693-C80D-E448-2AB8-FFC65BE985FE}"
EndProject
Global
	GlobalSection(SolutionConfigurationPlatforms) = preSolution
		Debug|Any CPU = Debug|Any CPU
		Release|Any CPU = Release|Any CPU
	EndGlobalSection
	GlobalSection(ProjectConfigurationPlatforms) = postSolution
		{3CDD00C5-9434-0C24-37C5-07E3765B9E93}.Debug|Any CPU.ActiveCfg = Debug|Any CPU
		{3CDD00C5-9434-0C24-37C5-07E3765B9E93}.Debug|Any CPU.Build.0 = Debug|Any CPU
		{3CDD00C5-9434-0C24-37C5-07E3765B9E93}.Release|Any CPU.ActiveCfg = Release|Any CPU
		{3CDD00C5-9434-0C24-37C5-07E3765B9E93}.Release|Any CPU.Build.0 = Release|Any CPU
		{06821693-C80D-E448-2AB8-FFC65BE985FE}.Debug|Any CPU.ActiveCfg = Debug|Any CPU
		{06821693-C80D-E448-2AB8-FFC65BE985FE}.Debug|Any CPU.Build.0 = Debug|Any CPU
		{06821693-C80D-E448-2AB8-FFC65BE985FE}.Release|Any CPU.ActiveCfg = Release|Any CPU
		{06821693-C80D-E448-2AB8-FFC65BE985FE}.Release|Any CPU.Build.0 = Release|Any CPU
	EndGlobalSection
	GlobalSection(SolutionProperties) = preSolution
		HideSolutionNode = FALSE
	EndGlobalSection
	GlobalSection(MonoDevelopProperties) = preSolution
		StartupItem = Assembly-CSharp.csproj
	EndGlobalSection
EndGlobal
